// !$*UTF8*$!
{
	archiveVersion = 1;
	classes = {
	};
	objectVersion = 46;
	objects = {

/* Begin PBXBuildFile section */
		75AA8E761A476EC3003046AB /* main.m in Sources */ = {isa = PBXBuildFile; fileRef = 75AA8E751A476EC3003046AB /* main.m */; };
		75AA8E791A476EC3003046AB /* AppDelegate.m in Sources */ = {isa = PBXBuildFile; fileRef = 75AA8E781A476EC3003046AB /* AppDelegate.m */; };
		75AA8E7C1A476EC3003046AB /* RootViewController.m in Sources */ = {isa = PBXBuildFile; fileRef = 75AA8E7B1A476EC3003046AB /* RootViewController.m */; };
		75AA8E7F1A476EC3003046AB /* DataViewController.m in Sources */ = {isa = PBXBuildFile; fileRef = 75AA8E7E1A476EC3003046AB /* DataViewController.m */; };
		75AA8E821A476EC3003046AB /* ModelController.m in Sources */ = {isa = PBXBuildFile; fileRef = 75AA8E811A476EC3003046AB /* ModelController.m */; };
		75AA8E851A476EC3003046AB /* Main.storyboard in Resources */ = {isa = PBXBuildFile; fileRef = 75AA8E831A476EC3003046AB /* Main.storyboard */; };
		75AA8E871A476EC3003046AB /* Images.xcassets in Resources */ = {isa = PBXBuildFile; fileRef = 75AA8E861A476EC3003046AB /* Images.xcassets */; };
		75AA8E8A1A476EC3003046AB /* LaunchScreen.xib in Resources */ = {isa = PBXBuildFile; fileRef = 75AA8E881A476EC3003046AB /* LaunchScreen.xib */; };
		75AA8E961A476EC3003046AB /* The_CormorantsTests.m in Sources */ = {isa = PBXBuildFile; fileRef = 75AA8E951A476EC3003046AB /* The_CormorantsTests.m */; };
/* End PBXBuildFile section */

/* Begin PBXContainerItemProxy section */
		75AA8E901A476EC3003046AB /* PBXContainerItemProxy */ = {
			isa = PBXContainerItemProxy;
			containerPortal = 75AA8E681A476EC3003046AB /* Project object */;
			proxyType = 1;
			remoteGlobalIDString = 75AA8E6F1A476EC3003046AB;
			remoteInfo = "The Cormorants";
		};
/* End PBXContainerItemProxy section */

/* Begin PBXFileReference section */
		75AA8E701A476EC3003046AB /* The Cormorants.app */ = {isa = PBXFileReference; explicitFileType = wrapper.application; includeInIndex = 0; path = "The Cormorants.app"; sourceTree = BUILT_PRODUCTS_DIR; };
		75AA8E741A476EC3003046AB /* Info.plist */ = {isa = PBXFileReference; lastKnownFileType = text.plist.xml; path = Info.plist; sourceTree = "<group>"; };
		75AA8E751A476EC3003046AB /* main.m */ = {isa = PBXFileReference; lastKnownFileType = sourcecode.c.objc; path = main.m; sourceTree = "<group>"; };
		75AA8E771A476EC3003046AB /* AppDelegate.h */ = {isa = PBXFileReference; lastKnownFileType = sourcecode.c.h; path = AppDelegate.h; sourceTree = "<group>"; };
		75AA8E781A476EC3003046AB /* AppDelegate.m */ = {isa = PBXFileReference; lastKnownFileType = sourcecode.c.objc; path = AppDelegate.m; sourceTree = "<group>"; };
		75AA8E7A1A476EC3003046AB /* RootViewController.h */ = {isa = PBXFileReference; lastKnownFileType = sourcecode.c.h; path = RootViewController.h; sourceTree = "<group>"; };
		75AA8E7B1A476EC3003046AB /* RootViewController.m */ = {isa = PBXFileReference; lastKnownFileType = sourcecode.c.objc; path = RootViewController.m; sourceTree = "<group>"; };
		75AA8E7D1A476EC3003046AB /* DataViewController.h */ = {isa = PBXFileReference; lastKnownFileType = sourcecode.c.h; path = DataViewController.h; sourceTree = "<group>"; };
		75AA8E7E1A476EC3003046AB /* DataViewController.m */ = {isa = PBXFileReference; lastKnownFileType = sourcecode.c.objc; path = DataViewController.m; sourceTree = "<group>"; };
		75AA8E801A476EC3003046AB /* ModelController.h */ = {isa = PBXFileReference; lastKnownFileType = sourcecode.c.h; path = ModelController.h; sourceTree = "<group>"; };
		75AA8E811A476EC3003046AB /* ModelController.m */ = {isa = PBXFileReference; lastKnownFileType = sourcecode.c.objc; path = ModelController.m; sourceTree = "<group>"; };
		75AA8E841A476EC3003046AB /* Base */ = {isa = PBXFileReference; lastKnownFileType = file.storyboard; name = Base; path = Base.lproj/Main.storyboard; sourceTree = "<group>"; };
		75AA8E861A476EC3003046AB /* Images.xcassets */ = {isa = PBXFileReference; lastKnownFileType = folder.assetcatalog; path = Images.xcassets; sourceTree = "<group>"; };
		75AA8E891A476EC3003046AB /* Base */ = {isa = PBXFileReference; lastKnownFileType = file.xib; name = Base; path = Base.lproj/LaunchScreen.xib; sourceTree = "<group>"; };
		75AA8E8F1A476EC3003046AB /* The CormorantsTests.xctest */ = {isa = PBXFileReference; explicitFileType = wrapper.cfbundle; includeInIndex = 0; path = "The CormorantsTests.xctest"; sourceTree = BUILT_PRODUCTS_DIR; };
		75AA8E941A476EC3003046AB /* Info.plist */ = {isa = PBXFileReference; lastKnownFileType = text.plist.xml; path = Info.plist; sourceTree = "<group>"; };
		75AA8E951A476EC3003046AB /* The_CormorantsTests.m */ = {isa = PBXFileReference; lastKnownFileType = sourcecode.c.objc; path = The_CormorantsTests.m; sourceTree = "<group>"; };
/* End PBXFileReference section */

/* Begin PBXFrameworksBuildPhase section */
		75AA8E6D1A476EC3003046AB /* Frameworks */ = {
			isa = PBXFrameworksBuildPhase;
			buildActionMask = 2147483647;
			files = (
			);
			runOnlyForDeploymentPostprocessing = 0;
		};
		75AA8E8C1A476EC3003046AB /* Frameworks */ = {
			isa = PBXFrameworksBuildPhase;
			buildActionMask = 2147483647;
			files = (
			);
			runOnlyForDeploymentPostprocessing = 0;
		};
/* End PBXFrameworksBuildPhase section */

/* Begin PBXGroup section */
		75AA8E671A476EC3003046AB = {
			isa = PBXGroup;
			children = (
				75AA8E721A476EC3003046AB /* The Cormorants */,
				75AA8E921A476EC3003046AB /* The CormorantsTests */,
				75AA8E711A476EC3003046AB /* Products */,
			);
			sourceTree = "<group>";
		};
		75AA8E711A476EC3003046AB /* Products */ = {
			isa = PBXGroup;
			children = (
				75AA8E701A476EC3003046AB /* The Cormorants.app */,
				75AA8E8F1A476EC3003046AB /* The CormorantsTests.xctest */,
			);
			name = Products;
			sourceTree = "<group>";
		};
		75AA8E721A476EC3003046AB /* The Cormorants */ = {
			isa = PBXGroup;
			children = (
				75AA8E771A476EC3003046AB /* AppDelegate.h */,
				75AA8E781A476EC3003046AB /* AppDelegate.m */,
				75AA8E7A1A476EC3003046AB /* RootViewController.h */,
				75AA8E7B1A476EC3003046AB /* RootViewController.m */,
				75AA8E7D1A476EC3003046AB /* DataViewController.h */,
				75AA8E7E1A476EC3003046AB /* DataViewController.m */,
				75AA8E801A476EC3003046AB /* ModelController.h */,
				75AA8E811A476EC3003046AB /* ModelController.m */,
				75AA8E831A476EC3003046AB /* Main.storyboard */,
				75AA8E861A476EC3003046AB /* Images.xcassets */,
				75AA8E881A476EC3003046AB /* LaunchScreen.xib */,
				75AA8E731A476EC3003046AB /* Supporting Files */,
			);
			path = "The Cormorants";
			sourceTree = "<group>";
		};
		75AA8E731A476EC3003046AB /* Supporting Files */ = {
			isa = PBXGroup;
			children = (
				75AA8E741A476EC3003046AB /* Info.plist */,
				75AA8E751A476EC3003046AB /* main.m */,
			);
			name = "Supporting Files";
			sourceTree = "<group>";
		};
		75AA8E921A476EC3003046AB /* The CormorantsTests */ = {
			isa = PBXGroup;
			children = (
				75AA8E951A476EC3003046AB /* The_CormorantsTests.m */,
				75AA8E931A476EC3003046AB /* Supporting Files */,
			);
			path = "The CormorantsTests";
			sourceTree = "<group>";
		};
		75AA8E931A476EC3003046AB /* Supporting Files */ = {
			isa = PBXGroup;
			children = (
				75AA8E941A476EC3003046AB /* Info.plist */,
			);
			name = "Supporting Files";
			sourceTree = "<group>";
		};
/* End PBXGroup section */

/* Begin PBXNativeTarget section */
		75AA8E6F1A476EC3003046AB /* The Cormorants */ = {
			isa = PBXNativeTarget;
			buildConfigurationList = 75AA8E991A476EC3003046AB /* Build configuration list for PBXNativeTarget "The Cormorants" */;
			buildPhases = (
				75AA8E6C1A476EC3003046AB /* Sources */,
				75AA8E6D1A476EC3003046AB /* Frameworks */,
				75AA8E6E1A476EC3003046AB /* Resources */,
			);
			buildRules = (
			);
			dependencies = (
			);
			name = "The Cormorants";
			productName = "The Cormorants";
			productReference = 75AA8E701A476EC3003046AB /* The Cormorants.app */;
			productType = "com.apple.product-type.application";
		};
		75AA8E8E1A476EC3003046AB /* The CormorantsTests */ = {
			isa = PBXNativeTarget;
			buildConfigurationList = 75AA8E9C1A476EC3003046AB /* Build configuration list for PBXNativeTarget "The CormorantsTests" */;
			buildPhases = (
				75AA8E8B1A476EC3003046AB /* Sources */,
				75AA8E8C1A476EC3003046AB /* Frameworks */,
				75AA8E8D1A476EC3003046AB /* Resources */,
			);
			buildRules = (
			);
			dependencies = (
				75AA8E911A476EC3003046AB /* PBXTargetDependency */,
			);
			name = "The CormorantsTests";
			productName = "The CormorantsTests";
			productReference = 75AA8E8F1A476EC3003046AB /* The CormorantsTests.xctest */;
			productType = "com.apple.product-type.bundle.unit-test";
		};
/* End PBXNativeTarget section */

/* Begin PBXProject section */
		75AA8E681A476EC3003046AB /* Project object */ = {
			isa = PBXProject;
			attributes = {
				LastUpgradeCheck = 0610;
				ORGANIZATIONNAME = "Tyler Shewbert";
				TargetAttributes = {
					75AA8E6F1A476EC3003046AB = {
						CreatedOnToolsVersion = 6.1.1;
					};
					75AA8E8E1A476EC3003046AB = {
						CreatedOnToolsVersion = 6.1.1;
						TestTargetID = 75AA8E6F1A476EC3003046AB;
					};
				};
			};
			buildConfigurationList = 75AA8E6B1A476EC3003046AB /* Build configuration list for PBXProject "The Cormorants" */;
			compatibilityVersion = "Xcode 3.2";
			developmentRegion = English;
			hasScannedForEncodings = 0;
			knownRegions = (
				en,
				Base,
			);
			mainGroup = 75AA8E671A476EC3003046AB;
			productRefGroup = 75AA8E711A476EC3003046AB /* Products */;
			projectDirPath = "";
			projectRoot = "";
			targets = (
				75AA8E6F1A476EC3003046AB /* The Cormorants */,
				75AA8E8E1A476EC3003046AB /* The CormorantsTests */,
			);
		};
/* End PBXProject section */

/* Begin PBXResourcesBuildPhase section */
		75AA8E6E1A476EC3003046AB /* Resources */ = {
			isa = PBXResourcesBuildPhase;
			buildActionMask = 2147483647;
			files = (
				75AA8E851A476EC3003046AB /* Main.storyboard in Resources */,
				75AA8E8A1A476EC3003046AB /* LaunchScreen.xib in Resources */,
				75AA8E871A476EC3003046AB /* Images.xcassets in Resources */,
			);
			runOnlyForDeploymentPostprocessing = 0;
		};
		75AA8E8D1A476EC3003046AB /* Resources */ = {
			isa = PBXResourcesBuildPhase;
			buildActionMask = 2147483647;
			files = (
			);
			runOnlyForDeploymentPostprocessing = 0;
		};
/* End PBXResourcesBuildPhase section */

/* Begin PBXSourcesBuildPhase section */
		75AA8E6C1A476EC3003046AB /* Sources */ = {
			isa = PBXSourcesBuildPhase;
			buildActionMask = 2147483647;
			files = (
				75AA8E7F1A476EC3003046AB /* DataViewController.m in Sources */,
				75AA8E791A476EC3003046AB /* AppDelegate.m in Sources */,
				75AA8E821A476EC3003046AB /* ModelController.m in Sources */,
				75AA8E761A476EC3003046AB /* main.m in Sources */,
				75AA8E7C1A476EC3003046AB /* RootViewController.m in Sources */,
			);
			runOnlyForDeploymentPostprocessing = 0;
		};
		75AA8E8B1A476EC3003046AB /* Sources */ = {
			isa = PBXSourcesBuildPhase;
			buildActionMask = 2147483647;
			files = (
				75AA8E961A476EC3003046AB /* The_CormorantsTests.m in Sources */,
			);
			runOnlyForDeploymentPostprocessing = 0;
		};
/* End PBXSourcesBuildPhase section */

/* Begin PBXTargetDependency section */
		75AA8E911A476EC3003046AB /* PBXTargetDependency */ = {
			isa = PBXTargetDependency;
			target = 75AA8E6F1A476EC3003046AB /* The Cormorants */;
			targetProxy = 75AA8E901A476EC3003046AB /* PBXContainerItemProxy */;
		};
/* End PBXTargetDependency section */

/* Begin PBXVariantGroup section */
		75AA8E831A476EC3003046AB /* Main.storyboard */ = {
			isa = PBXVariantGroup;
			children = (
				75AA8E841A476EC3003046AB /* Base */,
			);
			name = Main.storyboard;
			sourceTree = "<group>";
		};
		75AA8E881A476EC3003046AB /* LaunchScreen.xib */ = {
			isa = PBXVariantGroup;
			children = (
				75AA8E891A476EC3003046AB /* Base */,
			);
			name = LaunchScreen.xib;
			sourceTree = "<group>";
		};
/* End PBXVariantGroup section */

/* Begin XCBuildConfiguration section */
		75AA8E971A476EC3003046AB /* Debug */ = {
			isa = XCBuildConfiguration;
			buildSettings = {
				ALWAYS_SEARCH_USER_PATHS = NO;
				CLANG_CXX_LANGUAGE_STANDARD = "gnu++0x";
				CLANG_CXX_LIBRARY = "libc++";
				CLANG_ENABLE_MODULES = YES;
				CLANG_ENABLE_OBJC_ARC = YES;
				CLANG_WARN_BOOL_CONVERSION = YES;
				CLANG_WARN_CONSTANT_CONVERSION = YES;
				CLANG_WARN_DIRECT_OBJC_ISA_USAGE = YES_ERROR;
				CLANG_WARN_EMPTY_BODY = YES;
				CLANG_WARN_ENUM_CONVERSION = YES;
				CLANG_WARN_INT_CONVERSION = YES;
				CLANG_WARN_OBJC_ROOT_CLASS = YES_ERROR;
				CLANG_WARN_UNREACHABLE_CODE = YES;
				CLANG_WARN__DUPLICATE_METHOD_MATCH = YES;
				"CODE_SIGN_IDENTITY[sdk=iphoneos*]" = "iPhone Developer";
				COPY_PHASE_STRIP = NO;
				ENABLE_STRICT_OBJC_MSGSEND = YES;
				GCC_C_LANGUAGE_STANDARD = gnu99;
				GCC_DYNAMIC_NO_PIC = NO;
				GCC_OPTIMIZATION_LEVEL = 0;
				GCC_PREPROCESSOR_DEFINITIONS = (
					"DEBUG=1",
					"$(inherited)",
				);
				GCC_SYMBOLS_PRIVATE_EXTERN = NO;
				GCC_WARN_64_TO_32_BIT_CONVERSION = YES;
				GCC_WARN_ABOUT_RETURN_TYPE = YES_ERROR;
				GCC_WARN_UNDECLARED_SELECTOR = YES;
				GCC_WARN_UNINITIALIZED_AUTOS = YES_AGGRESSIVE;
				GCC_WARN_UNUSED_FUNCTION = YES;
				GCC_WARN_UNUSED_VARIABLE = YES;
				IPHONEOS_DEPLOYMENT_TARGET = 8.1;
				MTL_ENABLE_DEBUG_INFO = YES;
				ONLY_ACTIVE_ARCH = YES;
				SDKROOT = iphoneos;
				TARGETED_DEVICE_FAMILY = "1,2";
			};
			name = Debug;
		};
		75AA8E981A476EC3003046AB /* Release */ = {
			isa = XCBuildConfiguration;
			buildSettings = {
				ALWAYS_SEARCH_USER_PATHS = NO;
				CLANG_CXX_LANGUAGE_STANDARD = "gnu++0x";
				CLANG_CXX_LIBRARY = "libc++";
				CLANG_ENABLE_MODULES = YES;
				CLANG_ENABLE_OBJC_ARC = YES;
				CLANG_WARN_BOOL_CONVERSION = YES;
				CLANG_WARN_CONSTANT_CONVERSION = YES;
				CLANG_WARN_DIRECT_OBJC_ISA_USAGE = YES_ERROR;
				CLANG_WARN_EMPTY_BODY = YES;
				CLANG_WARN_ENUM_CONVERSION = YES;
				CLANG_WARN_INT_CONVERSION = YES;
				CLANG_WARN_OBJC_ROOT_CLASS = YES_ERROR;
				CLANG_WARN_UNREACHABLE_CODE = YES;
				CLANG_WARN__DUPLICATE_METHOD_MATCH = YES;
				"CODE_SIGN_IDENTITY[sdk=iphoneos*]" = "iPhone Developer";
				COPY_PHASE_STRIP = YES;
				ENABLE_NS_ASSERTIONS = NO;
				ENABLE_STRICT_OBJC_MSGSEND = YES;
				GCC_C_LANGUAGE_STANDARD = gnu99;
				GCC_WARN_64_TO_32_BIT_CONVERSION = YES;
				GCC_WARN_ABOUT_RETURN_TYPE = YES_ERROR;
				GCC_WARN_UNDECLARED_SELECTOR = YES;
				GCC_WARN_UNINITIALIZED_AUTOS = YES_AGGRESSIVE;
				GCC_WARN_UNUSED_FUNCTION = YES;
				GCC_WARN_UNUSED_VARIABLE = YES;
				IPHONEOS_DEPLOYMENT_TARGET = 8.1;
				MTL_ENABLE_DEBUG_INFO = NO;
				SDKROOT = iphoneos;
				TARGETED_DEVICE_FAMILY = "1,2";
				VALIDATE_PRODUCT = YES;
			};
			name = Release;
		};
		75AA8E9A1A476EC3003046AB /* Debug */ = {
			isa = XCBuildConfiguration;
			buildSettings = {
				ASSETCATALOG_COMPILER_APPICON_NAME = AppIcon;
				INFOPLIST_FILE = "The Cormorants/Info.plist";
				LD_RUNPATH_SEARCH_PATHS = "$(inherited) @executable_path/Frameworks";
				PRODUCT_NAME = "$(TARGET_NAME)";
			};
			name = Debug;
		};
		75AA8E9B1A476EC3003046AB /* Release */ = {
			isa = XCBuildConfiguration;
			buildSettings = {
				ASSETCATALOG_COMPILER_APPICON_NAME = AppIcon;
				INFOPLIST_FILE = "The Cormorants/Info.plist";
				LD_RUNPATH_SEARCH_PATHS = "$(inherited) @executable_path/Frameworks";
				PRODUCT_NAME = "$(TARGET_NAME)";
			};
			name = Release;
		};
		75AA8E9D1A476EC3003046AB /* Debug */ = {
			isa = XCBuildConfiguration;
			buildSettings = {
				BUNDLE_LOADER = "$(TEST_HOST)";
				FRAMEWORK_SEARCH_PATHS = (
					"$(SDKROOT)/Developer/Library/Frameworks",
					"$(inherited)",
				);
				GCC_PREPROCESSOR_DEFINITIONS = (
					"DEBUG=1",
					"$(inherited)",
				);
				INFOPLIST_FILE = "The CormorantsTests/Info.plist";
				LD_RUNPATH_SEARCH_PATHS = "$(inherited) @executable_path/Frameworks @loader_path/Frameworks";
				PRODUCT_NAME = "$(TARGET_NAME)";
				TEST_HOST = "$(BUILT_PRODUCTS_DIR)/The Cormorants.app/The Cormorants";
			};
			name = Debug;
		};
		75AA8E9E1A476EC3003046AB /* Release */ = {
			isa = XCBuildConfiguration;
			buildSettings = {
				BUNDLE_LOADER = "$(TEST_HOST)";
				FRAMEWORK_SEARCH_PATHS = (
					"$(SDKROOT)/Developer/Library/Frameworks",
					"$(inherited)",
				);
				INFOPLIST_FILE = "The CormorantsTests/Info.plist";
				LD_RUNPATH_SEARCH_PATHS = "$(inherited) @executable_path/Frameworks @loader_path/Frameworks";
				PRODUCT_NAME = "$(TARGET_NAME)";
				TEST_HOST = "$(BUILT_PRODUCTS_DIR)/The Cormorants.app/The Cormorants";
			};
			name = Release;
		};
/* End XCBuildConfiguration section */

/* Begin XCConfigurationList section */
		75AA8E6B1A476EC3003046AB /* Build configuration list for PBXProject "The Cormorants" */ = {
			isa = XCConfigurationList;
			buildConfigurations = (
				75AA8E971A476EC3003046AB /* Debug */,
				75AA8E981A476EC3003046AB /* Release */,
			);
			defaultConfigurationIsVisible = 0;
			defaultConfigurationName = Release;
		};
		75AA8E991A476EC3003046AB /* Build configuration list for PBXNativeTarget "The Cormorants" */ = {
			isa = XCConfigurationList;
			buildConfigurations = (
				75AA8E9A1A476EC3003046AB /* Debug */,
				75AA8E9B1A476EC3003046AB /* Release */,
			);
			defaultConfigurationIsVisible = 0;
		};
		75AA8E9C1A476EC3003046AB /* Build configuration list for PBXNativeTarget "The CormorantsTests" */ = {
			isa = XCConfigurationList;
			buildConfigurations = (
				75AA8E9D1A476EC3003046AB /* Debug */,
				75AA8E9E1A476EC3003046AB /* Release */,
			);
			defaultConfigurationIsVisible = 0;
		};
/* End XCConfigurationList section */
	};
	rootObject = 75AA8E681A476EC3003046AB /* Project object */;
}
